
Microsoft Visual Studio Solution File, Format Version 12.00
# Visual Studio Version 17
VisualStudioVersion = 17.7.34024.191
MinimumVisualStudioVersion = 10.0.40219.1
Project("{FAE04EC0-301F-11D3-BF4B-00C04F79EFBC}") = "GitHubDemoProject", "GitHubDemoProject\GitHubDemoProject.csproj", "{90CDF892-DE50-4D7E-A91B-FBDABDA45C84}"
EndProject
Global
	GlobalSection(SolutionConfigurationPlatforms) = preSolution
		Debug|Any CPU = Debug|Any CPU
		Release|Any CPU = Release|Any CPU
	EndGlobalSection
	GlobalSection(ProjectConfigurationPlatforms) = postSolution
		{90CDF892-DE50-4D7E-A91B-FBDABDA45C84}.Debug|Any CPU.ActiveCfg = Debug|Any CPU
		{90CDF892-DE50-4D7E-A91B-FBDABDA45C84}.Debug|Any CPU.Build.0 = Debug|Any CPU
		{90CDF892-DE50-4D7E-A91B-FBDABDA45C84}.Release|Any CPU.ActiveCfg = Release|Any CPU
		{90CDF892-DE50-4D7E-A91B-FBDABDA45C84}.Release|Any CPU.Build.0 = Release|Any CPU
	EndGlobalSection
	GlobalSection(SolutionProperties) = preSolution
		HideSolutionNode = FALSE
	EndGlobalSection
	GlobalSection(ExtensibilityGlobals) = postSolution
		SolutionGuid = {EE5BEF3D-711F-4668-8595-96B4C03C9B40}
	EndGlobalSection
EndGlobal
